
Microsoft Visual Studio Solution File, Format Version 12.00
# Visual Studio 15
VisualStudioVersion = 15.0.27703.2047
MinimumVisualStudioVersion = 10.0.40219.1
Project("{FAE04EC0-301F-11D3-BF4B-00C04F79EFBC}") = "ProAuth", "ProAuth\ProAuth.csproj", "{A8EF8411-D689-46B2-9595-5F1C27494DBD}"
EndProject
Global
	GlobalSection(SolutionConfigurationPlatforms) = preSolution
		Debug|Any CPU = Debug|Any CPU
		Release|Any CPU = Release|Any CPU
	EndGlobalSection
	GlobalSection(ProjectConfigurationPlatforms) = postSolution
		{A8EF8411-D689-46B2-9595-5F1C27494DBD}.Debug|Any CPU.ActiveCfg = Debug|Any CPU
		{A8EF8411-D689-46B2-9595-5F1C27494DBD}.Debug|Any CPU.Build.0 = Debug|Any CPU
		{A8EF8411-D689-46B2-9595-5F1C27494DBD}.Debug|Any CPU.Deploy.0 = Debug|Any CPU
		{A8EF8411-D689-46B2-9595-5F1C27494DBD}.Release|Any CPU.ActiveCfg = Release|Any CPU
		{A8EF8411-D689-46B2-9595-5F1C27494DBD}.Release|Any CPU.Build.0 = Release|Any CPU
		{A8EF8411-D689-46B2-9595-5F1C27494DBD}.Release|Any CPU.Deploy.0 = Release|Any CPU
	EndGlobalSection
	GlobalSection(SolutionProperties) = preSolution
		HideSolutionNode = FALSE
	EndGlobalSection
	GlobalSection(ExtensibilityGlobals) = postSolution
		SolutionGuid = {E7D8C131-3B97-4ABE-B133-4AA5AF1BCFA9}
	EndGlobalSection
EndGlobal
